
Microsoft Visual Studio Solution File, Format Version 12.00
# Visual Studio Version 16
VisualStudioVersion = 16.0.32510.428
MinimumVisualStudioVersion = 10.0.40219.1
Project("{FAE04EC0-301F-11D3-BF4B-00C04F79EFBC}") = "Slot8_Concurrency", "Slot8_Concurrency\Slot8_Concurrency.csproj", "{D03CD5A5-7714-414D-B970-2438A97EC171}"
EndProject
Global
	GlobalSection(SolutionConfigurationPlatforms) = preSolution
		Debug|Any CPU = Debug|Any CPU
		Release|Any CPU = Release|Any CPU
	EndGlobalSection
	GlobalSection(ProjectConfigurationPlatforms) = postSolution
		{D03CD5A5-7714-414D-B970-2438A97EC171}.Debug|Any CPU.ActiveCfg = Debug|Any CPU
		{D03CD5A5-7714-414D-B970-2438A97EC171}.Debug|Any CPU.Build.0 = Debug|Any CPU
		{D03CD5A5-7714-414D-B970-2438A97EC171}.Release|Any CPU.ActiveCfg = Release|Any CPU
		{D03CD5A5-7714-414D-B970-2438A97EC171}.Release|Any CPU.Build.0 = Release|Any CPU
	EndGlobalSection
	GlobalSection(SolutionProperties) = preSolution
		HideSolutionNode = FALSE
	EndGlobalSection
	GlobalSection(ExtensibilityGlobals) = postSolution
		SolutionGuid = {F48B731A-4A2C-417C-905D-5702EB4965B3}
	EndGlobalSection
EndGlobal
