
Microsoft Visual Studio Solution File, Format Version 12.00
# Visual Studio Version 16
VisualStudioVersion = 16.0.32413.511
MinimumVisualStudioVersion = 10.0.40219.1
Project("{FAE04EC0-301F-11D3-BF4B-00C04F79EFBC}") = "DemoDataProviderFactory", "DemoDataProviderFactory\DemoDataProviderFactory.csproj", "{B9D30D33-7A8E-4394-AD67-D888D06063C4}"
EndProject
Global
	GlobalSection(SolutionConfigurationPlatforms) = preSolution
		Debug|Any CPU = Debug|Any CPU
		Release|Any CPU = Release|Any CPU
	EndGlobalSection
	GlobalSection(ProjectConfigurationPlatforms) = postSolution
		{B9D30D33-7A8E-4394-AD67-D888D06063C4}.Debug|Any CPU.ActiveCfg = Debug|Any CPU
		{B9D30D33-7A8E-4394-AD67-D888D06063C4}.Debug|Any CPU.Build.0 = Debug|Any CPU
		{B9D30D33-7A8E-4394-AD67-D888D06063C4}.Release|Any CPU.ActiveCfg = Release|Any CPU
		{B9D30D33-7A8E-4394-AD67-D888D06063C4}.Release|Any CPU.Build.0 = Release|Any CPU
	EndGlobalSection
	GlobalSection(SolutionProperties) = preSolution
		HideSolutionNode = FALSE
	EndGlobalSection
	GlobalSection(ExtensibilityGlobals) = postSolution
		SolutionGuid = {84A43341-E58F-456F-8C44-B681F354F74F}
	EndGlobalSection
EndGlobal
